<?xml version="1.0" encoding="utf-8"?>
<Project ToolsVersion="4.0" xmlns="http://schemas.microsoft.com/developer/msbuild/2003">
  <ItemGroup>
    <Filter Include="Source Files">
      <UniqueIdentifier>{4FC737F1-C7A5-4376-A066-2A32D752A2FF}</UniqueIdentifier>
      <Extensions>cpp;c;cc;cxx;c++;cppm;ixx;def;odl;idl;hpj;bat;asm;asmx</Extensions>
    </Filter>
    <Filter Include="Header Files">
      <UniqueIdentifier>{93995380-89BD-4b04-88EB-625FBE52EBFB}</UniqueIdentifier>
      <Extensions>h;hh;hpp;hxx;h++;hm;inl;inc;ipp;xsd</Extensions>
    </Filter>
    <Filter Include="Resource Files">
      <UniqueIdentifier>{67DA6AB6-F800-4c08-8B7A-83BB121AAD01}</UniqueIdentifier>
      <Extensions>rc;ico;cur;bmp;dlg;rc2;rct;bin;rgs;gif;jpg;jpeg;jpe;resx;tiff;tif;png;wav;mfcribbon-ms</Extensions>
    </Filter>
    <Filter Include="Source Files\io">
      <UniqueIdentifier>{f7341012-17dc-494c-9658-d1dbafe26af0}</UniqueIdentifier>
    </Filter>
    <Filter Include="Source Files\core">
      <UniqueIdentifier>{6b4ab11f-984c-4d6a-8ae5-2324696b4404}</UniqueIdentifier>
    </Filter>
    <Filter Include="Source Files\analysis">
      <UniqueIdentifier>{f7976bd4-7286-4e64-9442-0e8049ea5f17}</UniqueIdentifier>
    </Filter>
    <Filter Include="Header Files\analysis">
      <UniqueIdentifier>{cc44b89c-b87b-4c17-a845-d663a12c35bf}</UniqueIdentifier>
    </Filter>
    <Filter Include="Header Files\core">
      <UniqueIdentifier>{b43f59f5-52a9-464e-902e-1d897bf04e98}</UniqueIdentifier>
    </Filter>
    <Filter Include="Header Files\io">
      <UniqueIdentifier>{ccba74be-20c3-447a-a970-fcb8df22de42}</UniqueIdentifier>
    </Filter>
    <Filter Include="Header Files\utils">
      <UniqueIdentifier>{dd990921-5473-4489-897e-d75b1258de16}</UniqueIdentifier>
    </Filter>
    <Filter Include="Source Files\utils">
      <UniqueIdentifier>{5992e0dc-49af-47b9-8ed3-4fe11f9d0e88}</UniqueIdentifier>
    </Filter>
  </ItemGroup>
  <ItemGroup>
    <ClCompile Include="src\main.cpp">
      <Filter>Source Files</Filter>
    </ClCompile>
    <ClCompile Include="src\io\logger.cpp">
      <Filter>Source Files\io</Filter>
    </ClCompile>
    <ClCompile Include="src\io\parser.cpp">
      <Filter>Source Files\io</Filter>
    </ClCompile>
    <ClCompile Include="src\io\report.cpp">
      <Filter>Source Files\io</Filter>
    </ClCompile>
    <ClCompile Include="src\core\conversation.cpp">
      <Filter>Source Files\core</Filter>
    </ClCompile>
    <ClCompile Include="src\core\message.cpp">
      <Filter>Source Files\core</Filter>
    </ClCompile>
    <ClCompile Include="src\core\suspicious_words.cpp">
      <Filter>Source Files\core</Filter>
    </ClCompile>
    <ClCompile Include="src\analysis\detector.cpp">
      <Filter>Source Files\analysis</Filter>
    </ClCompile>
    <ClCompile Include="src\io\exporter.cpp">
      <Filter>Source Files\io</Filter>
    </ClCompile>
    <ClCompile Include="src\analysis\suspicious_conversation.cpp">
      <Filter>Source Files\analysis</Filter>
    </ClCompile>
  </ItemGroup>
  <ItemGroup>
    <ClInclude Include="include\analysis\detector.h">
      <Filter>Header Files\analysis</Filter>
    </ClInclude>
    <ClInclude Include="include\core\conversation.h">
      <Filter>Header Files\core</Filter>
    </ClInclude>
    <ClInclude Include="include\core\message.h">
      <Filter>Header Files\core</Filter>
    </ClInclude>
    <ClInclude Include="include\core\suspicious_words.h">
      <Filter>Header Files\core</Filter>
    </ClInclude>
    <ClInclude Include="include\io\logger.h">
      <Filter>Header Files\io</Filter>
    </ClInclude>
    <ClInclude Include="include\io\parser.h">
      <Filter>Header Files\io</Filter>
    </ClInclude>
    <ClInclude Include="include\io\report.h">
      <Filter>Header Files\io</Filter>
    </ClInclude>
    <ClInclude Include="include\utils\file_utils.h">
      <Filter>Header Files\utils</Filter>
    </ClInclude>
    <ClInclude Include="include\utils\wstring_utils.h">
      <Filter>Header Files\utils</Filter>
    </ClInclude>
    <ClInclude Include="include\io\exporter.h">
      <Filter>Header Files\io</Filter>
    </ClInclude>
    <ClInclude Include="include\analysis\suspicious_conversation.h">
      <Filter>Header Files\analysis</Filter>
    </ClInclude>
    <ClInclude Include="resource1.h">
      <Filter>Header Files</Filter>
    </ClInclude>
  </ItemGroup>
  <ItemGroup>
    <ResourceCompile Include="detection_suspecious_messages_in_whatsapp.rc">
      <Filter>Resource Files</Filter>
    </ResourceCompile>
  </ItemGroup>
  <ItemGroup>
    <Image Include="logo.ico">
      <Filter>Resource Files</Filter>
    </Image>
  </ItemGroup>
</Project>